// !$*UTF8*$!
{
	archiveVersion = 1;
	classes = {
	};
	objectVersion = 50;
	objects = {

/* Begin PBXBuildFile section */
		A50E6C25223A1A2900DFFB13 /* MemeDetailsViewController.swift in Sources */ = {isa = PBXBuildFile; fileRef = A50E6C24223A1A2900DFFB13 /* MemeDetailsViewController.swift */; };
		A51FC7972239101C003866C9 /* MemeCollectionViewController.swift in Sources */ = {isa = PBXBuildFile; fileRef = A51FC7962239101C003866C9 /* MemeCollectionViewController.swift */; };
		A51FC7992239132A003866C9 /* Meme1CollectionViewCell.swift in Sources */ = {isa = PBXBuildFile; fileRef = A51FC7982239132A003866C9 /* Meme1CollectionViewCell.swift */; };
		A538466F223426A800736FE2 /* AppDelegate.swift in Sources */ = {isa = PBXBuildFile; fileRef = A538466E223426A800736FE2 /* AppDelegate.swift */; };
		A5384671223426A800736FE2 /* ViewController.swift in Sources */ = {isa = PBXBuildFile; fileRef = A5384670223426A800736FE2 /* ViewController.swift */; };
		A5384674223426A800736FE2 /* Main.storyboard in Resources */ = {isa = PBXBuildFile; fileRef = A5384672223426A800736FE2 /* Main.storyboard */; };
		A5384676223426A900736FE2 /* Assets.xcassets in Resources */ = {isa = PBXBuildFile; fileRef = A5384675223426A900736FE2 /* Assets.xcassets */; };
		A5384679223426A900736FE2 /* LaunchScreen.storyboard in Resources */ = {isa = PBXBuildFile; fileRef = A5384677223426A900736FE2 /* LaunchScreen.storyboard */; };
		A5471B742237D14700C7EE62 /* TableViewController.swift in Sources */ = {isa = PBXBuildFile; fileRef = A5471B732237D14700C7EE62 /* TableViewController.swift */; };
		A5AB9E2E22363F7C00301C10 /* Meme.swift in Sources */ = {isa = PBXBuildFile; fileRef = A5AB9E2D22363F7C00301C10 /* Meme.swift */; };
/* End PBXBuildFile section */

/* Begin PBXFileReference section */
		A50E6C24223A1A2900DFFB13 /* MemeDetailsViewController.swift */ = {isa = PBXFileReference; lastKnownFileType = sourcecode.swift; path = MemeDetailsViewController.swift; sourceTree = "<group>"; };
		A51FC7962239101C003866C9 /* MemeCollectionViewController.swift */ = {isa = PBXFileReference; lastKnownFileType = sourcecode.swift; path = MemeCollectionViewController.swift; sourceTree = "<group>"; };
		A51FC7982239132A003866C9 /* Meme1CollectionViewCell.swift */ = {isa = PBXFileReference; lastKnownFileType = sourcecode.swift; path = Meme1CollectionViewCell.swift; sourceTree = "<group>"; };
		A538466B223426A800736FE2 /* memeMeApp.app */ = {isa = PBXFileReference; explicitFileType = wrapper.application; includeInIndex = 0; path = memeMeApp.app; sourceTree = BUILT_PRODUCTS_DIR; };
		A538466E223426A800736FE2 /* AppDelegate.swift */ = {isa = PBXFileReference; lastKnownFileType = sourcecode.swift; path = AppDelegate.swift; sourceTree = "<group>"; };
		A5384670223426A800736FE2 /* ViewController.swift */ = {isa = PBXFileReference; lastKnownFileType = sourcecode.swift; path = ViewController.swift; sourceTree = "<group>"; };
		A5384673223426A800736FE2 /* Base */ = {isa = PBXFileReference; lastKnownFileType = file.storyboard; name = Base; path = Base.lproj/Main.storyboard; sourceTree = "<group>"; };
		A5384675223426A900736FE2 /* Assets.xcassets */ = {isa = PBXFileReference; lastKnownFileType = folder.assetcatalog; path = Assets.xcassets; sourceTree = "<group>"; };
		A5384678223426A900736FE2 /* Base */ = {isa = PBXFileReference; lastKnownFileType = file.storyboard; name = Base; path = Base.lproj/LaunchScreen.storyboard; sourceTree = "<group>"; };
		A538467A223426A900736FE2 /* Info.plist */ = {isa = PBXFileReference; lastKnownFileType = text.plist.xml; path = Info.plist; sourceTree = "<group>"; };
		A5471B732237D14700C7EE62 /* TableViewController.swift */ = {isa = PBXFileReference; lastKnownFileType = sourcecode.swift; path = TableViewController.swift; sourceTree = "<group>"; };
		A5AB9E2D22363F7C00301C10 /* Meme.swift */ = {isa = PBXFileReference; lastKnownFileType = sourcecode.swift; path = Meme.swift; sourceTree = "<group>"; };
/* End PBXFileReference section */

/* Begin PBXFrameworksBuildPhase section */
		A5384668223426A800736FE2 /* Frameworks */ = {
			isa = PBXFrameworksBuildPhase;
			buildActionMask = 2147483647;
			files = (
			);
			runOnlyForDeploymentPostprocessing = 0;
		};
/* End PBXFrameworksBuildPhase section */

/* Begin PBXGroup section */
		A5384662223426A800736FE2 = {
			isa = PBXGroup;
			children = (
				A538466D223426A800736FE2 /* memeMeApp */,
				A538466C223426A800736FE2 /* Products */,
			);
			sourceTree = "<group>";
		};
		A538466C223426A800736FE2 /* Products */ = {
			isa = PBXGroup;
			children = (
				A538466B223426A800736FE2 /* memeMeApp.app */,
			);
			name = Products;
			sourceTree = "<group>";
		};
		A538466D223426A800736FE2 /* memeMeApp */ = {
			isa = PBXGroup;
			children = (
				A538466E223426A800736FE2 /* AppDelegate.swift */,
				A5384670223426A800736FE2 /* ViewController.swift */,
				A5384672223426A800736FE2 /* Main.storyboard */,
				A5384675223426A900736FE2 /* Assets.xcassets */,
				A5384677223426A900736FE2 /* LaunchScreen.storyboard */,
				A538467A223426A900736FE2 /* Info.plist */,
				A5AB9E2D22363F7C00301C10 /* Meme.swift */,
				A5471B732237D14700C7EE62 /* TableViewController.swift */,
				A51FC7962239101C003866C9 /* MemeCollectionViewController.swift */,
				A51FC7982239132A003866C9 /* Meme1CollectionViewCell.swift */,
				A50E6C24223A1A2900DFFB13 /* MemeDetailsViewController.swift */,
			);
			path = memeMeApp;
			sourceTree = "<group>";
		};
/* End PBXGroup section */

/* Begin PBXNativeTarget section */
		A538466A223426A800736FE2 /* memeMeApp */ = {
			isa = PBXNativeTarget;
			buildConfigurationList = A538467D223426A900736FE2 /* Build configuration list for PBXNativeTarget "memeMeApp" */;
			buildPhases = (
				A5384667223426A800736FE2 /* Sources */,
				A5384668223426A800736FE2 /* Frameworks */,
				A5384669223426A800736FE2 /* Resources */,
			);
			buildRules = (
			);
			dependencies = (
			);
			name = memeMeApp;
			productName = memeMeApp;
			productReference = A538466B223426A800736FE2 /* memeMeApp.app */;
			productType = "com.apple.product-type.application";
		};
/* End PBXNativeTarget section */

/* Begin PBXProject section */
		A5384663223426A800736FE2 /* Project object */ = {
			isa = PBXProject;
			attributes = {
				LastSwiftUpdateCheck = 1010;
				LastUpgradeCheck = 1010;
				ORGANIZATIONNAME = Udacity;
				TargetAttributes = {
					A538466A223426A800736FE2 = {
						CreatedOnToolsVersion = 10.1;
					};
				};
			};
			buildConfigurationList = A5384666223426A800736FE2 /* Build configuration list for PBXProject "memeMeApp" */;
			compatibilityVersion = "Xcode 9.3";
			developmentRegion = en;
			hasScannedForEncodings = 0;
			knownRegions = (
				en,
				Base,
			);
			mainGroup = A5384662223426A800736FE2;
			productRefGroup = A538466C223426A800736FE2 /* Products */;
			projectDirPath = "";
			projectRoot = "";
			targets = (
				A538466A223426A800736FE2 /* memeMeApp */,
			);
		};
/* End PBXProject section */

/* Begin PBXResourcesBuildPhase section */
		A5384669223426A800736FE2 /* Resources */ = {
			isa = PBXResourcesBuildPhase;
			buildActionMask = 2147483647;
			files = (
				A5384679223426A900736FE2 /* LaunchScreen.storyboard in Resources */,
				A5384676223426A900736FE2 /* Assets.xcassets in Resources */,
				A5384674223426A800736FE2 /* Main.storyboard in Resources */,
			);
			runOnlyForDeploymentPostprocessing = 0;
		};
/* End PBXResourcesBuildPhase section */

/* Begin PBXSourcesBuildPhase section */
		A5384667223426A800736FE2 /* Sources */ = {
			isa = PBXSourcesBuildPhase;
			buildActionMask = 2147483647;
			files = (
				A5AB9E2E22363F7C00301C10 /* Meme.swift in Sources */,
				A5384671223426A800736FE2 /* ViewController.swift in Sources */,
				A538466F223426A800736FE2 /* AppDelegate.swift in Sources */,
				A50E6C25223A1A2900DFFB13 /* MemeDetailsViewController.swift in Sources */,
				A51FC7992239132A003866C9 /* Meme1CollectionViewCell.swift in Sources */,
				A51FC7972239101C003866C9 /* MemeCollectionViewController.swift in Sources */,
				A5471B742237D14700C7EE62 /* TableViewController.swift in Sources */,
			);
			runOnlyForDeploymentPostprocessing = 0;
		};
/* End PBXSourcesBuildPhase section */

/* Begin PBXVariantGroup section */
		A5384672223426A800736FE2 /* Main.storyboard */ = {
			isa = PBXVariantGroup;
			children = (
				A5384673223426A800736FE2 /* Base */,
			);
			name = Main.storyboard;
			sourceTree = "<group>";
		};
		A5384677223426A900736FE2 /* LaunchScreen.storyboard */ = {
			isa = PBXVariantGroup;
			children = (
				A5384678223426A900736FE2 /* Base */,
			);
			name = LaunchScreen.storyboard;
			sourceTree = "<group>";
		};
/* End PBXVariantGroup section */

/* Begin XCBuildConfiguration section */
		A538467B223426A900736FE2 /* Debug */ = {
			isa = XCBuildConfiguration;
			buildSettings = {
				ALWAYS_SEARCH_USER_PATHS = NO;
				CLANG_ANALYZER_NONNULL = YES;
				CLANG_ANALYZER_NUMBER_OBJECT_CONVERSION = YES_AGGRESSIVE;
				CLANG_CXX_LANGUAGE_STANDARD = "gnu++14";
				CLANG_CXX_LIBRARY = "libc++";
				CLANG_ENABLE_MODULES = YES;
				CLANG_ENABLE_OBJC_ARC = YES;
				CLANG_ENABLE_OBJC_WEAK = YES;
				CLANG_WARN_BLOCK_CAPTURE_AUTORELEASING = YES;
				CLANG_WARN_BOOL_CONVERSION = YES;
				CLANG_WARN_COMMA = YES;
				CLANG_WARN_CONSTANT_CONVERSION = YES;
				CLANG_WARN_DEPRECATED_OBJC_IMPLEMENTATIONS = YES;
				CLANG_WARN_DIRECT_OBJC_ISA_USAGE = YES_ERROR;
				CLANG_WARN_DOCUMENTATION_COMMENTS = YES;
				CLANG_WARN_EMPTY_BODY = YES;
				CLANG_WARN_ENUM_CONVERSION = YES;
				CLANG_WARN_INFINITE_RECURSION = YES;
				CLANG_WARN_INT_CONVERSION = YES;
				CLANG_WARN_NON_LITERAL_NULL_CONVERSION = YES;
				CLANG_WARN_OBJC_IMPLICIT_RETAIN_SELF = YES;
				CLANG_WARN_OBJC_LITERAL_CONVERSION = YES;
				CLANG_WARN_OBJC_ROOT_CLASS = YES_ERROR;
				CLANG_WARN_RANGE_LOOP_ANALYSIS = YES;
				CLANG_WARN_STRICT_PROTOTYPES = YES;
				CLANG_WARN_SUSPICIOUS_MOVE = YES;
				CLANG_WARN_UNGUARDED_AVAILABILITY = YES_AGGRESSIVE;
				CLANG_WARN_UNREACHABLE_CODE = YES;
				CLANG_WARN__DUPLICATE_METHOD_MATCH = YES;
				CODE_SIGN_IDENTITY = "iPhone Developer";
				COPY_PHASE_STRIP = NO;
				DEBUG_INFORMATION_FORMAT = dwarf;
				ENABLE_STRICT_OBJC_MSGSEND = YES;
				ENABLE_TESTABILITY = YES;
				GCC_C_LANGUAGE_STANDARD = gnu11;
				GCC_DYNAMIC_NO_PIC = NO;
				GCC_NO_COMMON_BLOCKS = YES;
				GCC_OPTIMIZATION_LEVEL = 0;
				GCC_PREPROCESSOR_DEFINITIONS = (
					"DEBUG=1",
					"$(inherited)",
				);
				GCC_WARN_64_TO_32_BIT_CONVERSION = YES;
				GCC_WARN_ABOUT_RETURN_TYPE = YES_ERROR;
				GCC_WARN_UNDECLARED_SELECTOR = YES;
				GCC_WARN_UNINITIALIZED_AUTOS = YES_AGGRESSIVE;
				GCC_WARN_UNUSED_FUNCTION = YES;
				GCC_WARN_UNUSED_VARIABLE = YES;
				IPHONEOS_DEPLOYMENT_TARGET = 12.1;
				MTL_ENABLE_DEBUG_INFO = INCLUDE_SOURCE;
				MTL_FAST_MATH = YES;
				ONLY_ACTIVE_ARCH = YES;
				SDKROOT = iphoneos;
				SWIFT_ACTIVE_COMPILATION_CONDITIONS = DEBUG;
				SWIFT_OPTIMIZATION_LEVEL = "-Onone";
			};
			name = Debug;
		};
		A538467C223426A900736FE2 /* Release */ = {
			isa = XCBuildConfiguration;
			buildSettings = {
				ALWAYS_SEARCH_USER_PATHS = NO;
				CLANG_ANALYZER_NONNULL = YES;
				CLANG_ANALYZER_NUMBER_OBJECT_CONVERSION = YES_AGGRESSIVE;
				CLANG_CXX_LANGUAGE_STANDARD = "gnu++14";
				CLANG_CXX_LIBRARY = "libc++";
				CLANG_ENABLE_MODULES = YES;
				CLANG_ENABLE_OBJC_ARC = YES;
				CLANG_ENABLE_OBJC_WEAK = YES;
				CLANG_WARN_BLOCK_CAPTURE_AUTORELEASING = YES;
				CLANG_WARN_BOOL_CONVERSION = YES;
				CLANG_WARN_COMMA = YES;
				CLANG_WARN_CONSTANT_CONVERSION = YES;
				CLANG_WARN_DEPRECATED_OBJC_IMPLEMENTATIONS = YES;
				CLANG_WARN_DIRECT_OBJC_ISA_USAGE = YES_ERROR;
				CLANG_WARN_DOCUMENTATION_COMMENTS = YES;
				CLANG_WARN_EMPTY_BODY = YES;
				CLANG_WARN_ENUM_CONVERSION = YES;
				CLANG_WARN_INFINITE_RECURSION = YES;
				CLANG_WARN_INT_CONVERSION = YES;
				CLANG_WARN_NON_LITERAL_NULL_CONVERSION = YES;
				CLANG_WARN_OBJC_IMPLICIT_RETAIN_SELF = YES;
				CLANG_WARN_OBJC_LITERAL_CONVERSION = YES;
				CLANG_WARN_OBJC_ROOT_CLASS = YES_ERROR;
				CLANG_WARN_RANGE_LOOP_ANALYSIS = YES;
				CLANG_WARN_STRICT_PROTOTYPES = YES;
				CLANG_WARN_SUSPICIOUS_MOVE = YES;
				CLANG_WARN_UNGUARDED_AVAILABILITY = YES_AGGRESSIVE;
				CLANG_WARN_UNREACHABLE_CODE = YES;
				CLANG_WARN__DUPLICATE_METHOD_MATCH = YES;
				CODE_SIGN_IDENTITY = "iPhone Developer";
				COPY_PHASE_STRIP = NO;
				DEBUG_INFORMATION_FORMAT = "dwarf-with-dsym";
				ENABLE_NS_ASSERTIONS = NO;
				ENABLE_STRICT_OBJC_MSGSEND = YES;
				GCC_C_LANGUAGE_STANDARD = gnu11;
				GCC_NO_COMMON_BLOCKS = YES;
				GCC_WARN_64_TO_32_BIT_CONVERSION = YES;
				GCC_WARN_ABOUT_RETURN_TYPE = YES_ERROR;
				GCC_WARN_UNDECLARED_SELECTOR = YES;
				GCC_WARN_UNINITIALIZED_AUTOS = YES_AGGRESSIVE;
				GCC_WARN_UNUSED_FUNCTION = YES;
				GCC_WARN_UNUSED_VARIABLE = YES;
				IPHONEOS_DEPLOYMENT_TARGET = 12.1;
				MTL_ENABLE_DEBUG_INFO = NO;
				MTL_FAST_MATH = YES;
				SDKROOT = iphoneos;
				SWIFT_COMPILATION_MODE = wholemodule;
				SWIFT_OPTIMIZATION_LEVEL = "-O";
				VALIDATE_PRODUCT = YES;
			};
			name = Release;
		};
		A538467E223426A900736FE2 /* Debug */ = {
			isa = XCBuildConfiguration;
			buildSettings = {
				ASSETCATALOG_COMPILER_APPICON_NAME = AppIcon;
				CODE_SIGN_STYLE = Automatic;
				INFOPLIST_FILE = memeMeApp/Info.plist;
				LD_RUNPATH_SEARCH_PATHS = (
					"$(inherited)",
					"@executable_path/Frameworks",
				);
				PRODUCT_BUNDLE_IDENTIFIER = com.udacity.memeMeApp;
				PRODUCT_NAME = "$(TARGET_NAME)";
				SWIFT_VERSION = 4.2;
				TARGETED_DEVICE_FAMILY = "1,2";
			};
			name = Debug;
		};
		A538467F223426A900736FE2 /* Release */ = {
			isa = XCBuildConfiguration;
			buildSettings = {
				ASSETCATALOG_COMPILER_APPICON_NAME = AppIcon;
				CODE_SIGN_STYLE = Automatic;
				INFOPLIST_FILE = memeMeApp/Info.plist;
				LD_RUNPATH_SEARCH_PATHS = (
					"$(inherited)",
					"@executable_path/Frameworks",
				);
				PRODUCT_BUNDLE_IDENTIFIER = com.udacity.memeMeApp;
				PRODUCT_NAME = "$(TARGET_NAME)";
				SWIFT_VERSION = 4.2;
				TARGETED_DEVICE_FAMILY = "1,2";
			};
			name = Release;
		};
/* End XCBuildConfiguration section */

/* Begin XCConfigurationList section */
		A5384666223426A800736FE2 /* Build configuration list for PBXProject "memeMeApp" */ = {
			isa = XCConfigurationList;
			buildConfigurations = (
				A538467B223426A900736FE2 /* Debug */,
				A538467C223426A900736FE2 /* Release */,
			);
			defaultConfigurationIsVisible = 0;
			defaultConfigurationName = Release;
		};
		A538467D223426A900736FE2 /* Build configuration list for PBXNativeTarget "memeMeApp" */ = {
			isa = XCConfigurationList;
			buildConfigurations = (
				A538467E223426A900736FE2 /* Debug */,
				A538467F223426A900736FE2 /* Release */,
			);
			defaultConfigurationIsVisible = 0;
			defaultConfigurationName = Release;
		};
/* End XCConfigurationList section */
	};
	rootObject = A5384663223426A800736FE2 /* Project object */;
}
